
Microsoft Visual Studio Solution File, Format Version 12.00
# Visual Studio Version 17
VisualStudioVersion = 17.3.32825.248
MinimumVisualStudioVersion = 10.0.40219.1
Project("{FAE04EC0-301F-11D3-BF4B-00C04F79EFBC}") = "handeling_user_and_app_tokens", "handeling_user_and_app_tokens\handeling_user_and_app_tokens.csproj", "{D1F4BF2E-4B9B-4ABD-9761-092304E06309}"
EndProject
Global
	GlobalSection(SolutionConfigurationPlatforms) = preSolution
		Debug|Any CPU = Debug|Any CPU
		Release|Any CPU = Release|Any CPU
	EndGlobalSection
	GlobalSection(ProjectConfigurationPlatforms) = postSolution
		{D1F4BF2E-4B9B-4ABD-9761-092304E06309}.Debug|Any CPU.ActiveCfg = Debug|Any CPU
		{D1F4BF2E-4B9B-4ABD-9761-092304E06309}.Debug|Any CPU.Build.0 = Debug|Any CPU
		{D1F4BF2E-4B9B-4ABD-9761-092304E06309}.Release|Any CPU.ActiveCfg = Release|Any CPU
		{D1F4BF2E-4B9B-4ABD-9761-092304E06309}.Release|Any CPU.Build.0 = Release|Any CPU
	EndGlobalSection
	GlobalSection(SolutionProperties) = preSolution
		HideSolutionNode = FALSE
	EndGlobalSection
	GlobalSection(ExtensibilityGlobals) = postSolution
		SolutionGuid = {636C9EFA-5775-4FA5-A8C3-C56E40BD2148}
	EndGlobalSection
EndGlobal
